
Microsoft Visual Studio Solution File, Format Version 12.00
# Visual Studio Version 17
VisualStudioVersion = 17.2.32526.322
MinimumVisualStudioVersion = 10.0.40219.1
Project("{9A19103F-16F7-4668-BE54-9A1E7A4F7556}") = "ArcadianTestTransactionApp", "ArcadianTestTransactionApp.csproj", "{D903CA79-6563-45FD-B16E-B2C0C1E704DB}"
EndProject
Global
	GlobalSection(SolutionConfigurationPlatforms) = preSolution
		Debug|Any CPU = Debug|Any CPU
		Release|Any CPU = Release|Any CPU
	EndGlobalSection
	GlobalSection(ProjectConfigurationPlatforms) = postSolution
		{D903CA79-6563-45FD-B16E-B2C0C1E704DB}.Debug|Any CPU.ActiveCfg = Debug|Any CPU
		{D903CA79-6563-45FD-B16E-B2C0C1E704DB}.Debug|Any CPU.Build.0 = Debug|Any CPU
		{D903CA79-6563-45FD-B16E-B2C0C1E704DB}.Release|Any CPU.ActiveCfg = Release|Any CPU
		{D903CA79-6563-45FD-B16E-B2C0C1E704DB}.Release|Any CPU.Build.0 = Release|Any CPU
	EndGlobalSection
	GlobalSection(SolutionProperties) = preSolution
		HideSolutionNode = FALSE
	EndGlobalSection
	GlobalSection(ExtensibilityGlobals) = postSolution
		SolutionGuid = {5B299B06-1908-430E-84E6-9FE3F9842B46}
	EndGlobalSection
EndGlobal
